// !$*UTF8*$!
{
	archiveVersion = 1;
	classes = {
	};
	objectVersion = 48;
	objects = {

/* Begin PBXBuildFile section */
		6D2A8B15205BE0380075F206 /* poolViewController.swift in Sources */ = {isa = PBXBuildFile; fileRef = 6D2A8B14205BE0380075F206 /* poolViewController.swift */; };
		6D3B05B32056AF3400A9671F /* resultViewController.swift in Sources */ = {isa = PBXBuildFile; fileRef = 6D3B05B22056AF3400A9671F /* resultViewController.swift */; };
		6D4F7800207E3F2C005C35D2 /* SimpleButton.swift in Sources */ = {isa = PBXBuildFile; fileRef = 6D4F77FF207E3F2C005C35D2 /* SimpleButton.swift */; };
		6D4F7802207E64CA005C35D2 /* Used.swift in Sources */ = {isa = PBXBuildFile; fileRef = 6D4F7801207E64CA005C35D2 /* Used.swift */; };
		6DCE8CFB2077A286006E324E /* detailmonyViewController.swift in Sources */ = {isa = PBXBuildFile; fileRef = 6DCE8CFA2077A286006E324E /* detailmonyViewController.swift */; };
		6DF5AB7A2054D9BC00015475 /* AppDelegate.swift in Sources */ = {isa = PBXBuildFile; fileRef = 6DF5AB792054D9BC00015475 /* AppDelegate.swift */; };
		6DF5AB7C2054D9BC00015475 /* ViewController.swift in Sources */ = {isa = PBXBuildFile; fileRef = 6DF5AB7B2054D9BC00015475 /* ViewController.swift */; };
		6DF5AB7F2054D9BC00015475 /* Main.storyboard in Resources */ = {isa = PBXBuildFile; fileRef = 6DF5AB7D2054D9BC00015475 /* Main.storyboard */; };
		6DF5AB812054D9BC00015475 /* Assets.xcassets in Resources */ = {isa = PBXBuildFile; fileRef = 6DF5AB802054D9BC00015475 /* Assets.xcassets */; };
		6DF5AB842054D9BC00015475 /* LaunchScreen.storyboard in Resources */ = {isa = PBXBuildFile; fileRef = 6DF5AB822054D9BC00015475 /* LaunchScreen.storyboard */; };
		83D045A1E5BC3D00EE0D5572 /* Pods_TodayMony.framework in Frameworks */ = {isa = PBXBuildFile; fileRef = 3ADE97311C1760DF6220C436 /* Pods_TodayMony.framework */; };
/* End PBXBuildFile section */

/* Begin PBXFileReference section */
		3ADE97311C1760DF6220C436 /* Pods_TodayMony.framework */ = {isa = PBXFileReference; explicitFileType = wrapper.framework; includeInIndex = 0; path = Pods_TodayMony.framework; sourceTree = BUILT_PRODUCTS_DIR; };
		6D2A8B14205BE0380075F206 /* poolViewController.swift */ = {isa = PBXFileReference; lastKnownFileType = sourcecode.swift; path = poolViewController.swift; sourceTree = "<group>"; };
		6D3B05B22056AF3400A9671F /* resultViewController.swift */ = {isa = PBXFileReference; lastKnownFileType = sourcecode.swift; path = resultViewController.swift; sourceTree = "<group>"; };
		6D4F77FF207E3F2C005C35D2 /* SimpleButton.swift */ = {isa = PBXFileReference; lastKnownFileType = sourcecode.swift; path = SimpleButton.swift; sourceTree = "<group>"; };
		6D4F7801207E64CA005C35D2 /* Used.swift */ = {isa = PBXFileReference; lastKnownFileType = sourcecode.swift; path = Used.swift; sourceTree = "<group>"; };
		6DCE8CFA2077A286006E324E /* detailmonyViewController.swift */ = {isa = PBXFileReference; lastKnownFileType = sourcecode.swift; path = detailmonyViewController.swift; sourceTree = "<group>"; };
		6DF5AB762054D9BB00015475 /* TodayMony.app */ = {isa = PBXFileReference; explicitFileType = wrapper.application; includeInIndex = 0; path = TodayMony.app; sourceTree = BUILT_PRODUCTS_DIR; };
		6DF5AB792054D9BC00015475 /* AppDelegate.swift */ = {isa = PBXFileReference; lastKnownFileType = sourcecode.swift; path = AppDelegate.swift; sourceTree = "<group>"; };
		6DF5AB7B2054D9BC00015475 /* ViewController.swift */ = {isa = PBXFileReference; lastKnownFileType = sourcecode.swift; path = ViewController.swift; sourceTree = "<group>"; };
		6DF5AB7E2054D9BC00015475 /* Base */ = {isa = PBXFileReference; lastKnownFileType = file.storyboard; name = Base; path = Base.lproj/Main.storyboard; sourceTree = "<group>"; };
		6DF5AB802054D9BC00015475 /* Assets.xcassets */ = {isa = PBXFileReference; lastKnownFileType = folder.assetcatalog; path = Assets.xcassets; sourceTree = "<group>"; };
		6DF5AB832054D9BC00015475 /* Base */ = {isa = PBXFileReference; lastKnownFileType = file.storyboard; name = Base; path = Base.lproj/LaunchScreen.storyboard; sourceTree = "<group>"; };
		6DF5AB852054D9BC00015475 /* Info.plist */ = {isa = PBXFileReference; lastKnownFileType = text.plist.xml; path = Info.plist; sourceTree = "<group>"; };
		8874FE81CA7A6A434575AF5E /* Pods-TodayMony.debug.xcconfig */ = {isa = PBXFileReference; includeInIndex = 1; lastKnownFileType = text.xcconfig; name = "Pods-TodayMony.debug.xcconfig"; path = "Pods/Target Support Files/Pods-TodayMony/Pods-TodayMony.debug.xcconfig"; sourceTree = "<group>"; };
		E445EFDB2B4ADE7FAD3D927D /* Pods-TodayMony.release.xcconfig */ = {isa = PBXFileReference; includeInIndex = 1; lastKnownFileType = text.xcconfig; name = "Pods-TodayMony.release.xcconfig"; path = "Pods/Target Support Files/Pods-TodayMony/Pods-TodayMony.release.xcconfig"; sourceTree = "<group>"; };
/* End PBXFileReference section */

/* Begin PBXFrameworksBuildPhase section */
		6DF5AB732054D9BB00015475 /* Frameworks */ = {
			isa = PBXFrameworksBuildPhase;
			buildActionMask = 2147483647;
			files = (
				83D045A1E5BC3D00EE0D5572 /* Pods_TodayMony.framework in Frameworks */,
			);
			runOnlyForDeploymentPostprocessing = 0;
		};
/* End PBXFrameworksBuildPhase section */

/* Begin PBXGroup section */
		64949372C6BEC285AC16E1F2 /* Frameworks */ = {
			isa = PBXGroup;
			children = (
				3ADE97311C1760DF6220C436 /* Pods_TodayMony.framework */,
			);
			name = Frameworks;
			sourceTree = "<group>";
		};
		6DF5AB6D2054D9BB00015475 = {
			isa = PBXGroup;
			children = (
				6DF5AB782054D9BC00015475 /* TodayMony */,
				6DF5AB772054D9BB00015475 /* Products */,
				B59BB64730A0351C3ACAB334 /* Pods */,
				64949372C6BEC285AC16E1F2 /* Frameworks */,
			);
			sourceTree = "<group>";
		};
		6DF5AB772054D9BB00015475 /* Products */ = {
			isa = PBXGroup;
			children = (
				6DF5AB762054D9BB00015475 /* TodayMony.app */,
			);
			name = Products;
			sourceTree = "<group>";
		};
		6DF5AB782054D9BC00015475 /* TodayMony */ = {
			isa = PBXGroup;
			children = (
				6DF5AB792054D9BC00015475 /* AppDelegate.swift */,
				6DF5AB7B2054D9BC00015475 /* ViewController.swift */,
				6D4F77FF207E3F2C005C35D2 /* SimpleButton.swift */,
				6D2A8B14205BE0380075F206 /* poolViewController.swift */,
				6D4F7801207E64CA005C35D2 /* Used.swift */,
				6DCE8CFA2077A286006E324E /* detailmonyViewController.swift */,
				6D3B05B22056AF3400A9671F /* resultViewController.swift */,
				6DF5AB7D2054D9BC00015475 /* Main.storyboard */,
				6DF5AB802054D9BC00015475 /* Assets.xcassets */,
				6DF5AB822054D9BC00015475 /* LaunchScreen.storyboard */,
				6DF5AB852054D9BC00015475 /* Info.plist */,
			);
			path = TodayMony;
			sourceTree = "<group>";
		};
		B59BB64730A0351C3ACAB334 /* Pods */ = {
			isa = PBXGroup;
			children = (
				8874FE81CA7A6A434575AF5E /* Pods-TodayMony.debug.xcconfig */,
				E445EFDB2B4ADE7FAD3D927D /* Pods-TodayMony.release.xcconfig */,
			);
			name = Pods;
			sourceTree = "<group>";
		};
/* End PBXGroup section */

/* Begin PBXNativeTarget section */
		6DF5AB752054D9BB00015475 /* TodayMony */ = {
			isa = PBXNativeTarget;
			buildConfigurationList = 6DF5AB882054D9BC00015475 /* Build configuration list for PBXNativeTarget "TodayMony" */;
			buildPhases = (
				6BEE7CF63652AABB3E62BEFB /* [CP] Check Pods Manifest.lock */,
				6DF5AB722054D9BB00015475 /* Sources */,
				6DF5AB732054D9BB00015475 /* Frameworks */,
				6DF5AB742054D9BB00015475 /* Resources */,
				3DE3CBA886399E18F6A3000E /* [CP] Embed Pods Frameworks */,
				CF40CE14E4877E332DC9C52E /* [CP] Copy Pods Resources */,
			);
			buildRules = (
			);
			dependencies = (
			);
			name = TodayMony;
			productName = TodayMony;
			productReference = 6DF5AB762054D9BB00015475 /* TodayMony.app */;
			productType = "com.apple.product-type.application";
		};
/* End PBXNativeTarget section */

/* Begin PBXProject section */
		6DF5AB6E2054D9BB00015475 /* Project object */ = {
			isa = PBXProject;
			attributes = {
				LastSwiftUpdateCheck = 0920;
				LastUpgradeCheck = 0920;
				ORGANIZATIONNAME = "Keita Fukuyama";
				TargetAttributes = {
					6DF5AB752054D9BB00015475 = {
						CreatedOnToolsVersion = 9.2;
						ProvisioningStyle = Automatic;
					};
				};
			};
			buildConfigurationList = 6DF5AB712054D9BB00015475 /* Build configuration list for PBXProject "TodayMony" */;
			compatibilityVersion = "Xcode 8.0";
			developmentRegion = en;
			hasScannedForEncodings = 0;
			knownRegions = (
				en,
				Base,
			);
			mainGroup = 6DF5AB6D2054D9BB00015475;
			productRefGroup = 6DF5AB772054D9BB00015475 /* Products */;
			projectDirPath = "";
			projectRoot = "";
			targets = (
				6DF5AB752054D9BB00015475 /* TodayMony */,
			);
		};
/* End PBXProject section */

/* Begin PBXResourcesBuildPhase section */
		6DF5AB742054D9BB00015475 /* Resources */ = {
			isa = PBXResourcesBuildPhase;
			buildActionMask = 2147483647;
			files = (
				6DF5AB842054D9BC00015475 /* LaunchScreen.storyboard in Resources */,
				6DF5AB812054D9BC00015475 /* Assets.xcassets in Resources */,
				6DF5AB7F2054D9BC00015475 /* Main.storyboard in Resources */,
			);
			runOnlyForDeploymentPostprocessing = 0;
		};
/* End PBXResourcesBuildPhase section */

/* Begin PBXShellScriptBuildPhase section */
		3DE3CBA886399E18F6A3000E /* [CP] Embed Pods Frameworks */ = {
			isa = PBXShellScriptBuildPhase;
			buildActionMask = 2147483647;
			files = (
			);
			inputPaths = (
				"${SRCROOT}/Pods/Target Support Files/Pods-TodayMony/Pods-TodayMony-frameworks.sh",
				"${BUILT_PRODUCTS_DIR}/MBCircularProgressBar/MBCircularProgressBar.framework",
			);
			name = "[CP] Embed Pods Frameworks";
			outputPaths = (
				"${TARGET_BUILD_DIR}/${FRAMEWORKS_FOLDER_PATH}/MBCircularProgressBar.framework",
			);
			runOnlyForDeploymentPostprocessing = 0;
			shellPath = /bin/sh;
			shellScript = "\"${SRCROOT}/Pods/Target Support Files/Pods-TodayMony/Pods-TodayMony-frameworks.sh\"\n";
			showEnvVarsInLog = 0;
		};
		6BEE7CF63652AABB3E62BEFB /* [CP] Check Pods Manifest.lock */ = {
			isa = PBXShellScriptBuildPhase;
			buildActionMask = 2147483647;
			files = (
			);
			inputPaths = (
				"${PODS_PODFILE_DIR_PATH}/Podfile.lock",
				"${PODS_ROOT}/Manifest.lock",
			);
			name = "[CP] Check Pods Manifest.lock";
			outputPaths = (
				"$(DERIVED_FILE_DIR)/Pods-TodayMony-checkManifestLockResult.txt",
			);
			runOnlyForDeploymentPostprocessing = 0;
			shellPath = /bin/sh;
			shellScript = "diff \"${PODS_PODFILE_DIR_PATH}/Podfile.lock\" \"${PODS_ROOT}/Manifest.lock\" > /dev/null\nif [ $? != 0 ] ; then\n    # print error to STDERR\n    echo \"error: The sandbox is not in sync with the Podfile.lock. Run 'pod install' or update your CocoaPods installation.\" >&2\n    exit 1\nfi\n# This output is used by Xcode 'outputs' to avoid re-running this script phase.\necho \"SUCCESS\" > \"${SCRIPT_OUTPUT_FILE_0}\"\n";
			showEnvVarsInLog = 0;
		};
		CF40CE14E4877E332DC9C52E /* [CP] Copy Pods Resources */ = {
			isa = PBXShellScriptBuildPhase;
			buildActionMask = 2147483647;
			files = (
			);
			inputPaths = (
			);
			name = "[CP] Copy Pods Resources";
			outputPaths = (
			);
			runOnlyForDeploymentPostprocessing = 0;
			shellPath = /bin/sh;
			shellScript = "\"${SRCROOT}/Pods/Target Support Files/Pods-TodayMony/Pods-TodayMony-resources.sh\"\n";
			showEnvVarsInLog = 0;
		};
/* End PBXShellScriptBuildPhase section */

/* Begin PBXSourcesBuildPhase section */
		6DF5AB722054D9BB00015475 /* Sources */ = {
			isa = PBXSourcesBuildPhase;
			buildActionMask = 2147483647;
			files = (
				6D2A8B15205BE0380075F206 /* poolViewController.swift in Sources */,
				6D3B05B32056AF3400A9671F /* resultViewController.swift in Sources */,
				6DF5AB7C2054D9BC00015475 /* ViewController.swift in Sources */,
				6DCE8CFB2077A286006E324E /* detailmonyViewController.swift in Sources */,
				6DF5AB7A2054D9BC00015475 /* AppDelegate.swift in Sources */,
				6D4F7800207E3F2C005C35D2 /* SimpleButton.swift in Sources */,
				6D4F7802207E64CA005C35D2 /* Used.swift in Sources */,
			);
			runOnlyForDeploymentPostprocessing = 0;
		};
/* End PBXSourcesBuildPhase section */

/* Begin PBXVariantGroup section */
		6DF5AB7D2054D9BC00015475 /* Main.storyboard */ = {
			isa = PBXVariantGroup;
			children = (
				6DF5AB7E2054D9BC00015475 /* Base */,
			);
			name = Main.storyboard;
			sourceTree = "<group>";
		};
		6DF5AB822054D9BC00015475 /* LaunchScreen.storyboard */ = {
			isa = PBXVariantGroup;
			children = (
				6DF5AB832054D9BC00015475 /* Base */,
			);
			name = LaunchScreen.storyboard;
			sourceTree = "<group>";
		};
/* End PBXVariantGroup section */

/* Begin XCBuildConfiguration section */
		6DF5AB862054D9BC00015475 /* Debug */ = {
			isa = XCBuildConfiguration;
			buildSettings = {
				ALWAYS_SEARCH_USER_PATHS = NO;
				CLANG_ANALYZER_NONNULL = YES;
				CLANG_ANALYZER_NUMBER_OBJECT_CONVERSION = YES_AGGRESSIVE;
				CLANG_CXX_LANGUAGE_STANDARD = "gnu++14";
				CLANG_CXX_LIBRARY = "libc++";
				CLANG_ENABLE_MODULES = YES;
				CLANG_ENABLE_OBJC_ARC = YES;
				CLANG_WARN_BLOCK_CAPTURE_AUTORELEASING = YES;
				CLANG_WARN_BOOL_CONVERSION = YES;
				CLANG_WARN_COMMA = YES;
				CLANG_WARN_CONSTANT_CONVERSION = YES;
				CLANG_WARN_DIRECT_OBJC_ISA_USAGE = YES_ERROR;
				CLANG_WARN_DOCUMENTATION_COMMENTS = YES;
				CLANG_WARN_EMPTY_BODY = YES;
				CLANG_WARN_ENUM_CONVERSION = YES;
				CLANG_WARN_INFINITE_RECURSION = YES;
				CLANG_WARN_INT_CONVERSION = YES;
				CLANG_WARN_NON_LITERAL_NULL_CONVERSION = YES;
				CLANG_WARN_OBJC_LITERAL_CONVERSION = YES;
				CLANG_WARN_OBJC_ROOT_CLASS = YES_ERROR;
				CLANG_WARN_RANGE_LOOP_ANALYSIS = YES;
				CLANG_WARN_STRICT_PROTOTYPES = YES;
				CLANG_WARN_SUSPICIOUS_MOVE = YES;
				CLANG_WARN_UNGUARDED_AVAILABILITY = YES_AGGRESSIVE;
				CLANG_WARN_UNREACHABLE_CODE = YES;
				CLANG_WARN__DUPLICATE_METHOD_MATCH = YES;
				CODE_SIGN_IDENTITY = "iPhone Developer";
				COPY_PHASE_STRIP = NO;
				DEBUG_INFORMATION_FORMAT = dwarf;
				ENABLE_STRICT_OBJC_MSGSEND = YES;
				ENABLE_TESTABILITY = YES;
				GCC_C_LANGUAGE_STANDARD = gnu11;
				GCC_DYNAMIC_NO_PIC = NO;
				GCC_NO_COMMON_BLOCKS = YES;
				GCC_OPTIMIZATION_LEVEL = 0;
				GCC_PREPROCESSOR_DEFINITIONS = (
					"DEBUG=1",
					"$(inherited)",
				);
				GCC_WARN_64_TO_32_BIT_CONVERSION = YES;
				GCC_WARN_ABOUT_RETURN_TYPE = YES_ERROR;
				GCC_WARN_UNDECLARED_SELECTOR = YES;
				GCC_WARN_UNINITIALIZED_AUTOS = YES_AGGRESSIVE;
				GCC_WARN_UNUSED_FUNCTION = YES;
				GCC_WARN_UNUSED_VARIABLE = YES;
				IPHONEOS_DEPLOYMENT_TARGET = 11.2;
				MTL_ENABLE_DEBUG_INFO = YES;
				ONLY_ACTIVE_ARCH = YES;
				SDKROOT = iphoneos;
				SWIFT_ACTIVE_COMPILATION_CONDITIONS = DEBUG;
				SWIFT_OPTIMIZATION_LEVEL = "-Onone";
			};
			name = Debug;
		};
		6DF5AB872054D9BC00015475 /* Release */ = {
			isa = XCBuildConfiguration;
			buildSettings = {
				ALWAYS_SEARCH_USER_PATHS = NO;
				CLANG_ANALYZER_NONNULL = YES;
				CLANG_ANALYZER_NUMBER_OBJECT_CONVERSION = YES_AGGRESSIVE;
				CLANG_CXX_LANGUAGE_STANDARD = "gnu++14";
				CLANG_CXX_LIBRARY = "libc++";
				CLANG_ENABLE_MODULES = YES;
				CLANG_ENABLE_OBJC_ARC = YES;
				CLANG_WARN_BLOCK_CAPTURE_AUTORELEASING = YES;
				CLANG_WARN_BOOL_CONVERSION = YES;
				CLANG_WARN_COMMA = YES;
				CLANG_WARN_CONSTANT_CONVERSION = YES;
				CLANG_WARN_DIRECT_OBJC_ISA_USAGE = YES_ERROR;
				CLANG_WARN_DOCUMENTATION_COMMENTS = YES;
				CLANG_WARN_EMPTY_BODY = YES;
				CLANG_WARN_ENUM_CONVERSION = YES;
				CLANG_WARN_INFINITE_RECURSION = YES;
				CLANG_WARN_INT_CONVERSION = YES;
				CLANG_WARN_NON_LITERAL_NULL_CONVERSION = YES;
				CLANG_WARN_OBJC_LITERAL_CONVERSION = YES;
				CLANG_WARN_OBJC_ROOT_CLASS = YES_ERROR;
				CLANG_WARN_RANGE_LOOP_ANALYSIS = YES;
				CLANG_WARN_STRICT_PROTOTYPES = YES;
				CLANG_WARN_SUSPICIOUS_MOVE = YES;
				CLANG_WARN_UNGUARDED_AVAILABILITY = YES_AGGRESSIVE;
				CLANG_WARN_UNREACHABLE_CODE = YES;
				CLANG_WARN__DUPLICATE_METHOD_MATCH = YES;
				CODE_SIGN_IDENTITY = "iPhone Developer";
				COPY_PHASE_STRIP = NO;
				DEBUG_INFORMATION_FORMAT = "dwarf-with-dsym";
				ENABLE_NS_ASSERTIONS = NO;
				ENABLE_STRICT_OBJC_MSGSEND = YES;
				GCC_C_LANGUAGE_STANDARD = gnu11;
				GCC_NO_COMMON_BLOCKS = YES;
				GCC_WARN_64_TO_32_BIT_CONVERSION = YES;
				GCC_WARN_ABOUT_RETURN_TYPE = YES_ERROR;
				GCC_WARN_UNDECLARED_SELECTOR = YES;
				GCC_WARN_UNINITIALIZED_AUTOS = YES_AGGRESSIVE;
				GCC_WARN_UNUSED_FUNCTION = YES;
				GCC_WARN_UNUSED_VARIABLE = YES;
				IPHONEOS_DEPLOYMENT_TARGET = 11.2;
				MTL_ENABLE_DEBUG_INFO = NO;
				SDKROOT = iphoneos;
				SWIFT_OPTIMIZATION_LEVEL = "-Owholemodule";
				VALIDATE_PRODUCT = YES;
			};
			name = Release;
		};
		6DF5AB892054D9BC00015475 /* Debug */ = {
			isa = XCBuildConfiguration;
			baseConfigurationReference = 8874FE81CA7A6A434575AF5E /* Pods-TodayMony.debug.xcconfig */;
			buildSettings = {
				ASSETCATALOG_COMPILER_APPICON_NAME = AppIcon;
				CODE_SIGN_STYLE = Automatic;
				DEVELOPMENT_TEAM = D98KU3C2TK;
				INFOPLIST_FILE = TodayMony/Info.plist;
				LD_RUNPATH_SEARCH_PATHS = "$(inherited) @executable_path/Frameworks";
				PRODUCT_BUNDLE_IDENTIFIER = com.candy.labbit.TodayMony;
				PRODUCT_NAME = "$(TARGET_NAME)";
				SWIFT_VERSION = 4.0;
				TARGETED_DEVICE_FAMILY = "1,2";
			};
			name = Debug;
		};
		6DF5AB8A2054D9BC00015475 /* Release */ = {
			isa = XCBuildConfiguration;
			baseConfigurationReference = E445EFDB2B4ADE7FAD3D927D /* Pods-TodayMony.release.xcconfig */;
			buildSettings = {
				ASSETCATALOG_COMPILER_APPICON_NAME = AppIcon;
				CODE_SIGN_STYLE = Automatic;
				DEVELOPMENT_TEAM = D98KU3C2TK;
				INFOPLIST_FILE = TodayMony/Info.plist;
				LD_RUNPATH_SEARCH_PATHS = "$(inherited) @executable_path/Frameworks";
				PRODUCT_BUNDLE_IDENTIFIER = com.candy.labbit.TodayMony;
				PRODUCT_NAME = "$(TARGET_NAME)";
				SWIFT_VERSION = 4.0;
				TARGETED_DEVICE_FAMILY = "1,2";
			};
			name = Release;
		};
/* End XCBuildConfiguration section */

/* Begin XCConfigurationList section */
		6DF5AB712054D9BB00015475 /* Build configuration list for PBXProject "TodayMony" */ = {
			isa = XCConfigurationList;
			buildConfigurations = (
				6DF5AB862054D9BC00015475 /* Debug */,
				6DF5AB872054D9BC00015475 /* Release */,
			);
			defaultConfigurationIsVisible = 0;
			defaultConfigurationName = Release;
		};
		6DF5AB882054D9BC00015475 /* Build configuration list for PBXNativeTarget "TodayMony" */ = {
			isa = XCConfigurationList;
			buildConfigurations = (
				6DF5AB892054D9BC00015475 /* Debug */,
				6DF5AB8A2054D9BC00015475 /* Release */,
			);
			defaultConfigurationIsVisible = 0;
			defaultConfigurationName = Release;
		};
/* End XCConfigurationList section */
	};
	rootObject = 6DF5AB6E2054D9BB00015475 /* Project object */;
}
